// !$*UTF8*$!
{
	archiveVersion = 1;
	classes = {
	};
	objectVersion = 46;
	objects = {

/* Begin PBXBuildFile section */
		D92E97A915E24BD60043BDAB /* amulet14_barbarian_male.png in Resources */ = {isa = PBXBuildFile; fileRef = D92E979D15E24BD60043BDAB /* amulet14_barbarian_male.png */; };
		D92E97AA15E24BD60043BDAB /* belt_206_barbarian_male.png in Resources */ = {isa = PBXBuildFile; fileRef = D92E979E15E24BD60043BDAB /* belt_206_barbarian_male.png */; };
		D92E97AB15E24BD60043BDAB /* boots_206_barbarian_male.png in Resources */ = {isa = PBXBuildFile; fileRef = D92E979F15E24BD60043BDAB /* boots_206_barbarian_male.png */; };
		D92E97AC15E24BD60043BDAB /* bracers_206_barbarian_male.png in Resources */ = {isa = PBXBuildFile; fileRef = D92E97A015E24BD60043BDAB /* bracers_206_barbarian_male.png */; };
		D92E97AD15E24BD60043BDAB /* chestarmor_206_barbarian_male.png in Resources */ = {isa = PBXBuildFile; fileRef = D92E97A115E24BD60043BDAB /* chestarmor_206_barbarian_male.png */; };
		D92E97AE15E24BD60043BDAB /* gloves_206_barbarian_male.png in Resources */ = {isa = PBXBuildFile; fileRef = D92E97A215E24BD60043BDAB /* gloves_206_barbarian_male.png */; };
		D92E97AF15E24BD60043BDAB /* helm_206_barbarian_male.png in Resources */ = {isa = PBXBuildFile; fileRef = D92E97A315E24BD60043BDAB /* helm_206_barbarian_male.png */; };
		D92E97B015E24BD60043BDAB /* pants_206_barbarian_male.png in Resources */ = {isa = PBXBuildFile; fileRef = D92E97A415E24BD60043BDAB /* pants_206_barbarian_male.png */; };
		D92E97B115E24BD60043BDAB /* ring_23_barbarian_male.png in Resources */ = {isa = PBXBuildFile; fileRef = D92E97A515E24BD60043BDAB /* ring_23_barbarian_male.png */; };
		D92E97B215E24BD60043BDAB /* shield_207_barbarian_male.png in Resources */ = {isa = PBXBuildFile; fileRef = D92E97A615E24BD60043BDAB /* shield_207_barbarian_male.png */; };
		D92E97B315E24BD60043BDAB /* shoulders_206_barbarian_male.png in Resources */ = {isa = PBXBuildFile; fileRef = D92E97A715E24BD60043BDAB /* shoulders_206_barbarian_male.png */; };
		D92E97B415E24BD60043BDAB /* sword_1h_208_barbarian_male.png in Resources */ = {isa = PBXBuildFile; fileRef = D92E97A815E24BD60043BDAB /* sword_1h_208_barbarian_male.png */; };
		F226A0B215E2238300AFF97D /* UIKit.framework in Frameworks */ = {isa = PBXBuildFile; fileRef = F226A0B115E2238300AFF97D /* UIKit.framework */; };
		F226A0B415E2238300AFF97D /* Foundation.framework in Frameworks */ = {isa = PBXBuildFile; fileRef = F226A0B315E2238300AFF97D /* Foundation.framework */; };
		F226A0B615E2238300AFF97D /* CoreGraphics.framework in Frameworks */ = {isa = PBXBuildFile; fileRef = F226A0B515E2238300AFF97D /* CoreGraphics.framework */; };
		F226A0B815E2238300AFF97D /* CoreData.framework in Frameworks */ = {isa = PBXBuildFile; fileRef = F226A0B715E2238300AFF97D /* CoreData.framework */; };
		F226A0BE15E2238300AFF97D /* InfoPlist.strings in Resources */ = {isa = PBXBuildFile; fileRef = F226A0BC15E2238300AFF97D /* InfoPlist.strings */; };
		F226A0C015E2238300AFF97D /* main.m in Sources */ = {isa = PBXBuildFile; fileRef = F226A0BF15E2238300AFF97D /* main.m */; };
		F226A0C415E2238300AFF97D /* AppDelegate.m in Sources */ = {isa = PBXBuildFile; fileRef = F226A0C315E2238300AFF97D /* AppDelegate.m */; };
		F226A0C715E2238300AFF97D /* DiabloIIIApp.xcdatamodeld in Sources */ = {isa = PBXBuildFile; fileRef = F226A0C515E2238300AFF97D /* DiabloIIIApp.xcdatamodeld */; };
		F226A0CE15E223A700AFF97D /* Storyboard.storyboard in Resources */ = {isa = PBXBuildFile; fileRef = F226A0CD15E223A700AFF97D /* Storyboard.storyboard */; };
		F226A0D415E2285E00AFF97D /* MainViewController.m in Sources */ = {isa = PBXBuildFile; fileRef = F226A0D315E2285E00AFF97D /* MainViewController.m */; };
		F226A0D715E2289B00AFF97D /* GemCalcMainController.m in Sources */ = {isa = PBXBuildFile; fileRef = F226A0D615E2289B00AFF97D /* GemCalcMainController.m */; };
		F22B79A515F617F600EC6DC5 /* StatRow.xib in Resources */ = {isa = PBXBuildFile; fileRef = F22B79A415F617F600EC6DC5 /* StatRow.xib */; };
		F22B79AC15F61E7900EC6DC5 /* MaxValueByStats.m in Sources */ = {isa = PBXBuildFile; fileRef = F22B79AB15F61E7900EC6DC5 /* MaxValueByStats.m */; };
		F22B79AF15F61E9800EC6DC5 /* MaxValueByStatsStatList.m in Sources */ = {isa = PBXBuildFile; fileRef = F22B79AE15F61E9800EC6DC5 /* MaxValueByStatsStatList.m */; };
		F22B79B215F61EB700EC6DC5 /* MaxValueByStatsItems.m in Sources */ = {isa = PBXBuildFile; fileRef = F22B79B115F61EB700EC6DC5 /* MaxValueByStatsItems.m */; };
		F231675F15F608D700DA15CC /* MaxValueByItemStatsValues.m in Sources */ = {isa = PBXBuildFile; fileRef = F231675E15F608D700DA15CC /* MaxValueByItemStatsValues.m */; };
		F249ED8015E7720300E79E6B /* GemCalcSettingsController.m in Sources */ = {isa = PBXBuildFile; fileRef = F249ED7F15E7720300E79E6B /* GemCalcSettingsController.m */; };
		F292ABC315E6617300865B52 /* UIView+FormScroll.m in Sources */ = {isa = PBXBuildFile; fileRef = F292ABC215E6617300865B52 /* UIView+FormScroll.m */; };
		F2B5398815F3703F007887FB /* View.xib in Resources */ = {isa = PBXBuildFile; fileRef = F2B5398715F3703F007887FB /* View.xib */; };
		F2B5399115F3740B007887FB /* ItemRow.xib in Resources */ = {isa = PBXBuildFile; fileRef = F2B5399015F3740B007887FB /* ItemRow.xib */; };
		F2B5399415F374A5007887FB /* MaxValuesByItem.m in Sources */ = {isa = PBXBuildFile; fileRef = F2B5399315F374A5007887FB /* MaxValuesByItem.m */; };
		F2B5399615F374EE007887FB /* ItemStatsList.plist in Resources */ = {isa = PBXBuildFile; fileRef = F2B5399515F374EE007887FB /* ItemStatsList.plist */; };
		F2B5399915F37EB3007887FB /* MaxValueByItemStatGroup.m in Sources */ = {isa = PBXBuildFile; fileRef = F2B5399815F37EB3007887FB /* MaxValueByItemStatGroup.m */; };
		F2C06D2D15F6291C000337AA /* ByStats.plist in Resources */ = {isa = PBXBuildFile; fileRef = F2C06D2C15F6291C000337AA /* ByStats.plist */; };
		F2E2AA5D15E3B28E003F749C /* KeyboardBar.m in Sources */ = {isa = PBXBuildFile; fileRef = F2E2AA5C15E3B28E003F749C /* KeyboardBar.m */; };
		F2E5282F15EB719000B0A7C1 /* GemCalcResults.m in Sources */ = {isa = PBXBuildFile; fileRef = F2E5282E15EB719000B0A7C1 /* GemCalcResults.m */; };
		F2EB16C115ECCF27004742DD /* GemDetailsController.m in Sources */ = {isa = PBXBuildFile; fileRef = F2EB16C015ECCF27004742DD /* GemDetailsController.m */; };
		F2ED09F915E8D47000982454 /* GemCalcRow.xib in Resources */ = {isa = PBXBuildFile; fileRef = F2ED09F815E8D47000982454 /* GemCalcRow.xib */; };
		F2ED0A0015E8FAEA00982454 /* GemBean.m in Sources */ = {isa = PBXBuildFile; fileRef = F2ED09FF15E8FAEA00982454 /* GemBean.m */; };
/* End PBXBuildFile section */

/* Begin PBXFileReference section */
		D92E979D15E24BD60043BDAB /* amulet14_barbarian_male.png */ = {isa = PBXFileReference; lastKnownFileType = image.png; name = amulet14_barbarian_male.png; path = Resources/amulet14_barbarian_male.png; sourceTree = SOURCE_ROOT; };
		D92E979E15E24BD60043BDAB /* belt_206_barbarian_male.png */ = {isa = PBXFileReference; lastKnownFileType = image.png; name = belt_206_barbarian_male.png; path = Resources/belt_206_barbarian_male.png; sourceTree = SOURCE_ROOT; };
		D92E979F15E24BD60043BDAB /* boots_206_barbarian_male.png */ = {isa = PBXFileReference; lastKnownFileType = image.png; name = boots_206_barbarian_male.png; path = Resources/boots_206_barbarian_male.png; sourceTree = SOURCE_ROOT; };
		D92E97A015E24BD60043BDAB /* bracers_206_barbarian_male.png */ = {isa = PBXFileReference; lastKnownFileType = image.png; name = bracers_206_barbarian_male.png; path = Resources/bracers_206_barbarian_male.png; sourceTree = SOURCE_ROOT; };
		D92E97A115E24BD60043BDAB /* chestarmor_206_barbarian_male.png */ = {isa = PBXFileReference; lastKnownFileType = image.png; name = chestarmor_206_barbarian_male.png; path = Resources/chestarmor_206_barbarian_male.png; sourceTree = SOURCE_ROOT; };
		D92E97A215E24BD60043BDAB /* gloves_206_barbarian_male.png */ = {isa = PBXFileReference; lastKnownFileType = image.png; name = gloves_206_barbarian_male.png; path = Resources/gloves_206_barbarian_male.png; sourceTree = SOURCE_ROOT; };
		D92E97A315E24BD60043BDAB /* helm_206_barbarian_male.png */ = {isa = PBXFileReference; lastKnownFileType = image.png; name = helm_206_barbarian_male.png; path = Resources/helm_206_barbarian_male.png; sourceTree = SOURCE_ROOT; };
		D92E97A415E24BD60043BDAB /* pants_206_barbarian_male.png */ = {isa = PBXFileReference; lastKnownFileType = image.png; name = pants_206_barbarian_male.png; path = Resources/pants_206_barbarian_male.png; sourceTree = SOURCE_ROOT; };
		D92E97A515E24BD60043BDAB /* ring_23_barbarian_male.png */ = {isa = PBXFileReference; lastKnownFileType = image.png; name = ring_23_barbarian_male.png; path = Resources/ring_23_barbarian_male.png; sourceTree = SOURCE_ROOT; };
		D92E97A615E24BD60043BDAB /* shield_207_barbarian_male.png */ = {isa = PBXFileReference; lastKnownFileType = image.png; name = shield_207_barbarian_male.png; path = Resources/shield_207_barbarian_male.png; sourceTree = SOURCE_ROOT; };
		D92E97A715E24BD60043BDAB /* shoulders_206_barbarian_male.png */ = {isa = PBXFileReference; lastKnownFileType = image.png; name = shoulders_206_barbarian_male.png; path = Resources/shoulders_206_barbarian_male.png; sourceTree = SOURCE_ROOT; };
		D92E97A815E24BD60043BDAB /* sword_1h_208_barbarian_male.png */ = {isa = PBXFileReference; lastKnownFileType = image.png; name = sword_1h_208_barbarian_male.png; path = Resources/sword_1h_208_barbarian_male.png; sourceTree = SOURCE_ROOT; };
		F226A0AD15E2238300AFF97D /* DiabloIIIApp.app */ = {isa = PBXFileReference; explicitFileType = wrapper.application; includeInIndex = 0; path = DiabloIIIApp.app; sourceTree = BUILT_PRODUCTS_DIR; };
		F226A0B115E2238300AFF97D /* UIKit.framework */ = {isa = PBXFileReference; lastKnownFileType = wrapper.framework; name = UIKit.framework; path = System/Library/Frameworks/UIKit.framework; sourceTree = SDKROOT; };
		F226A0B315E2238300AFF97D /* Foundation.framework */ = {isa = PBXFileReference; lastKnownFileType = wrapper.framework; name = Foundation.framework; path = System/Library/Frameworks/Foundation.framework; sourceTree = SDKROOT; };
		F226A0B515E2238300AFF97D /* CoreGraphics.framework */ = {isa = PBXFileReference; lastKnownFileType = wrapper.framework; name = CoreGraphics.framework; path = System/Library/Frameworks/CoreGraphics.framework; sourceTree = SDKROOT; };
		F226A0B715E2238300AFF97D /* CoreData.framework */ = {isa = PBXFileReference; lastKnownFileType = wrapper.framework; name = CoreData.framework; path = System/Library/Frameworks/CoreData.framework; sourceTree = SDKROOT; };
		F226A0BB15E2238300AFF97D /* DiabloIIIApp-Info.plist */ = {isa = PBXFileReference; lastKnownFileType = text.plist.xml; path = "DiabloIIIApp-Info.plist"; sourceTree = "<group>"; };
		F226A0BD15E2238300AFF97D /* en */ = {isa = PBXFileReference; lastKnownFileType = text.plist.strings; name = en; path = en.lproj/InfoPlist.strings; sourceTree = "<group>"; };
		F226A0BF15E2238300AFF97D /* main.m */ = {isa = PBXFileReference; lastKnownFileType = sourcecode.c.objc; path = main.m; sourceTree = "<group>"; };
		F226A0C115E2238300AFF97D /* DiabloIIIApp-Prefix.pch */ = {isa = PBXFileReference; lastKnownFileType = sourcecode.c.h; path = "DiabloIIIApp-Prefix.pch"; sourceTree = "<group>"; };
		F226A0C215E2238300AFF97D /* AppDelegate.h */ = {isa = PBXFileReference; lastKnownFileType = sourcecode.c.h; path = AppDelegate.h; sourceTree = "<group>"; };
		F226A0C315E2238300AFF97D /* AppDelegate.m */ = {isa = PBXFileReference; lastKnownFileType = sourcecode.c.objc; path = AppDelegate.m; sourceTree = "<group>"; };
		F226A0C615E2238300AFF97D /* DiabloIIIApp.xcdatamodel */ = {isa = PBXFileReference; lastKnownFileType = wrapper.xcdatamodel; path = DiabloIIIApp.xcdatamodel; sourceTree = "<group>"; };
		F226A0CD15E223A700AFF97D /* Storyboard.storyboard */ = {isa = PBXFileReference; fileEncoding = 4; lastKnownFileType = file.storyboard; path = Storyboard.storyboard; sourceTree = "<group>"; };
		F226A0D215E2285E00AFF97D /* MainViewController.h */ = {isa = PBXFileReference; fileEncoding = 4; lastKnownFileType = sourcecode.c.h; path = MainViewController.h; sourceTree = "<group>"; };
		F226A0D315E2285E00AFF97D /* MainViewController.m */ = {isa = PBXFileReference; fileEncoding = 4; lastKnownFileType = sourcecode.c.objc; path = MainViewController.m; sourceTree = "<group>"; };
		F226A0D515E2289B00AFF97D /* GemCalcMainController.h */ = {isa = PBXFileReference; fileEncoding = 4; lastKnownFileType = sourcecode.c.h; path = GemCalcMainController.h; sourceTree = "<group>"; };
		F226A0D615E2289B00AFF97D /* GemCalcMainController.m */ = {isa = PBXFileReference; fileEncoding = 4; lastKnownFileType = sourcecode.c.objc; path = GemCalcMainController.m; sourceTree = "<group>"; };
		F22B79A415F617F600EC6DC5 /* StatRow.xib */ = {isa = PBXFileReference; fileEncoding = 4; lastKnownFileType = file.xib; path = StatRow.xib; sourceTree = "<group>"; };
		F22B79AA15F61E7900EC6DC5 /* MaxValueByStats.h */ = {isa = PBXFileReference; fileEncoding = 4; lastKnownFileType = sourcecode.c.h; path = MaxValueByStats.h; sourceTree = "<group>"; };
		F22B79AB15F61E7900EC6DC5 /* MaxValueByStats.m */ = {isa = PBXFileReference; fileEncoding = 4; lastKnownFileType = sourcecode.c.objc; path = MaxValueByStats.m; sourceTree = "<group>"; };
		F22B79AD15F61E9800EC6DC5 /* MaxValueByStatsStatList.h */ = {isa = PBXFileReference; fileEncoding = 4; lastKnownFileType = sourcecode.c.h; path = MaxValueByStatsStatList.h; sourceTree = "<group>"; };
		F22B79AE15F61E9800EC6DC5 /* MaxValueByStatsStatList.m */ = {isa = PBXFileReference; fileEncoding = 4; lastKnownFileType = sourcecode.c.objc; path = MaxValueByStatsStatList.m; sourceTree = "<group>"; };
		F22B79B015F61EB700EC6DC5 /* MaxValueByStatsItems.h */ = {isa = PBXFileReference; fileEncoding = 4; lastKnownFileType = sourcecode.c.h; path = MaxValueByStatsItems.h; sourceTree = "<group>"; };
		F22B79B115F61EB700EC6DC5 /* MaxValueByStatsItems.m */ = {isa = PBXFileReference; fileEncoding = 4; lastKnownFileType = sourcecode.c.objc; path = MaxValueByStatsItems.m; sourceTree = "<group>"; };
		F231675D15F608D700DA15CC /* MaxValueByItemStatsValues.h */ = {isa = PBXFileReference; fileEncoding = 4; lastKnownFileType = sourcecode.c.h; path = MaxValueByItemStatsValues.h; sourceTree = "<group>"; };
		F231675E15F608D700DA15CC /* MaxValueByItemStatsValues.m */ = {isa = PBXFileReference; fileEncoding = 4; lastKnownFileType = sourcecode.c.objc; path = MaxValueByItemStatsValues.m; sourceTree = "<group>"; };
		F249ED7E15E7720300E79E6B /* GemCalcSettingsController.h */ = {isa = PBXFileReference; fileEncoding = 4; lastKnownFileType = sourcecode.c.h; path = GemCalcSettingsController.h; sourceTree = "<group>"; };
		F249ED7F15E7720300E79E6B /* GemCalcSettingsController.m */ = {isa = PBXFileReference; fileEncoding = 4; lastKnownFileType = sourcecode.c.objc; path = GemCalcSettingsController.m; sourceTree = "<group>"; };
		F292ABC115E6617300865B52 /* UIView+FormScroll.h */ = {isa = PBXFileReference; fileEncoding = 4; lastKnownFileType = sourcecode.c.h; path = "UIView+FormScroll.h"; sourceTree = "<group>"; };
		F292ABC215E6617300865B52 /* UIView+FormScroll.m */ = {isa = PBXFileReference; fileEncoding = 4; lastKnownFileType = sourcecode.c.objc; path = "UIView+FormScroll.m"; sourceTree = "<group>"; };
		F2B5398715F3703F007887FB /* View.xib */ = {isa = PBXFileReference; fileEncoding = 4; lastKnownFileType = file.xib; name = View.xib; path = ../View.xib; sourceTree = "<group>"; };
		F2B5399015F3740B007887FB /* ItemRow.xib */ = {isa = PBXFileReference; fileEncoding = 4; lastKnownFileType = file.xib; path = ItemRow.xib; sourceTree = "<group>"; };
		F2B5399215F374A5007887FB /* MaxValuesByItem.h */ = {isa = PBXFileReference; fileEncoding = 4; lastKnownFileType = sourcecode.c.h; path = MaxValuesByItem.h; sourceTree = "<group>"; };
		F2B5399315F374A5007887FB /* MaxValuesByItem.m */ = {isa = PBXFileReference; fileEncoding = 4; lastKnownFileType = sourcecode.c.objc; path = MaxValuesByItem.m; sourceTree = "<group>"; };
		F2B5399515F374EE007887FB /* ItemStatsList.plist */ = {isa = PBXFileReference; fileEncoding = 4; lastKnownFileType = text.plist.xml; path = ItemStatsList.plist; sourceTree = "<group>"; };
		F2B5399715F37EB3007887FB /* MaxValueByItemStatGroup.h */ = {isa = PBXFileReference; fileEncoding = 4; lastKnownFileType = sourcecode.c.h; path = MaxValueByItemStatGroup.h; sourceTree = "<group>"; };
		F2B5399815F37EB3007887FB /* MaxValueByItemStatGroup.m */ = {isa = PBXFileReference; fileEncoding = 4; lastKnownFileType = sourcecode.c.objc; path = MaxValueByItemStatGroup.m; sourceTree = "<group>"; };
		F2C06D2C15F6291C000337AA /* ByStats.plist */ = {isa = PBXFileReference; fileEncoding = 4; lastKnownFileType = text.plist.xml; path = ByStats.plist; sourceTree = "<group>"; };
		F2E2AA5B15E3B28E003F749C /* KeyboardBar.h */ = {isa = PBXFileReference; fileEncoding = 4; lastKnownFileType = sourcecode.c.h; path = KeyboardBar.h; sourceTree = "<group>"; };
		F2E2AA5C15E3B28E003F749C /* KeyboardBar.m */ = {isa = PBXFileReference; fileEncoding = 4; lastKnownFileType = sourcecode.c.objc; path = KeyboardBar.m; sourceTree = "<group>"; };
		F2E5282D15EB719000B0A7C1 /* GemCalcResults.h */ = {isa = PBXFileReference; fileEncoding = 4; lastKnownFileType = sourcecode.c.h; path = GemCalcResults.h; sourceTree = "<group>"; };
		F2E5282E15EB719000B0A7C1 /* GemCalcResults.m */ = {isa = PBXFileReference; fileEncoding = 4; lastKnownFileType = sourcecode.c.objc; path = GemCalcResults.m; sourceTree = "<group>"; };
		F2EB16BF15ECCF27004742DD /* GemDetailsController.h */ = {isa = PBXFileReference; fileEncoding = 4; lastKnownFileType = sourcecode.c.h; path = GemDetailsController.h; sourceTree = "<group>"; };
		F2EB16C015ECCF27004742DD /* GemDetailsController.m */ = {isa = PBXFileReference; fileEncoding = 4; lastKnownFileType = sourcecode.c.objc; path = GemDetailsController.m; sourceTree = "<group>"; };
		F2ED09F815E8D47000982454 /* GemCalcRow.xib */ = {isa = PBXFileReference; fileEncoding = 4; lastKnownFileType = file.xib; path = GemCalcRow.xib; sourceTree = "<group>"; };
		F2ED09FE15E8FAEA00982454 /* GemBean.h */ = {isa = PBXFileReference; fileEncoding = 4; lastKnownFileType = sourcecode.c.h; path = GemBean.h; sourceTree = "<group>"; };
		F2ED09FF15E8FAEA00982454 /* GemBean.m */ = {isa = PBXFileReference; fileEncoding = 4; lastKnownFileType = sourcecode.c.objc; path = GemBean.m; sourceTree = "<group>"; };
/* End PBXFileReference section */

/* Begin PBXFrameworksBuildPhase section */
		F226A0AA15E2238300AFF97D /* Frameworks */ = {
			isa = PBXFrameworksBuildPhase;
			buildActionMask = 2147483647;
			files = (
				F226A0B215E2238300AFF97D /* UIKit.framework in Frameworks */,
				F226A0B415E2238300AFF97D /* Foundation.framework in Frameworks */,
				F226A0B615E2238300AFF97D /* CoreGraphics.framework in Frameworks */,
				F226A0B815E2238300AFF97D /* CoreData.framework in Frameworks */,
			);
			runOnlyForDeploymentPostprocessing = 0;
		};
/* End PBXFrameworksBuildPhase section */

/* Begin PBXGroup section */
		F226A0A215E2238300AFF97D = {
			isa = PBXGroup;
			children = (
				F226A0B915E2238300AFF97D /* DiabloIIIApp */,
				F226A0B015E2238300AFF97D /* Frameworks */,
				F226A0AE15E2238300AFF97D /* Products */,
			);
			sourceTree = "<group>";
		};
		F226A0AE15E2238300AFF97D /* Products */ = {
			isa = PBXGroup;
			children = (
				F226A0AD15E2238300AFF97D /* DiabloIIIApp.app */,
			);
			name = Products;
			sourceTree = "<group>";
		};
		F226A0B015E2238300AFF97D /* Frameworks */ = {
			isa = PBXGroup;
			children = (
				F226A0B115E2238300AFF97D /* UIKit.framework */,
				F226A0B315E2238300AFF97D /* Foundation.framework */,
				F226A0B515E2238300AFF97D /* CoreGraphics.framework */,
				F226A0B715E2238300AFF97D /* CoreData.framework */,
			);
			name = Frameworks;
			sourceTree = "<group>";
		};
		F226A0B915E2238300AFF97D /* DiabloIIIApp */ = {
			isa = PBXGroup;
			children = (
				F2B5398715F3703F007887FB /* View.xib */,
				F226A0C215E2238300AFF97D /* AppDelegate.h */,
				F226A0C315E2238300AFF97D /* AppDelegate.m */,
				F226A0C515E2238300AFF97D /* DiabloIIIApp.xcdatamodeld */,
				F226A0CD15E223A700AFF97D /* Storyboard.storyboard */,
				F226A0D215E2285E00AFF97D /* MainViewController.h */,
				F226A0D315E2285E00AFF97D /* MainViewController.m */,
				F2B5398C15F371ED007887FB /* MaxValues */,
				F2B5398A15F37094007887FB /* GemCalculator */,
				F2B5398B15F370B1007887FB /* Common */,
				F226A0BA15E2238300AFF97D /* Supporting Files */,
			);
			path = DiabloIIIApp;
			sourceTree = "<group>";
		};
		F226A0BA15E2238300AFF97D /* Supporting Files */ = {
			isa = PBXGroup;
			children = (
				D92E979D15E24BD60043BDAB /* amulet14_barbarian_male.png */,
				D92E979E15E24BD60043BDAB /* belt_206_barbarian_male.png */,
				D92E979F15E24BD60043BDAB /* boots_206_barbarian_male.png */,
				D92E97A015E24BD60043BDAB /* bracers_206_barbarian_male.png */,
				D92E97A115E24BD60043BDAB /* chestarmor_206_barbarian_male.png */,
				D92E97A215E24BD60043BDAB /* gloves_206_barbarian_male.png */,
				D92E97A315E24BD60043BDAB /* helm_206_barbarian_male.png */,
				D92E97A415E24BD60043BDAB /* pants_206_barbarian_male.png */,
				D92E97A515E24BD60043BDAB /* ring_23_barbarian_male.png */,
				D92E97A615E24BD60043BDAB /* shield_207_barbarian_male.png */,
				D92E97A715E24BD60043BDAB /* shoulders_206_barbarian_male.png */,
				D92E97A815E24BD60043BDAB /* sword_1h_208_barbarian_male.png */,
				F226A0BB15E2238300AFF97D /* DiabloIIIApp-Info.plist */,
				F226A0BC15E2238300AFF97D /* InfoPlist.strings */,
				F226A0BF15E2238300AFF97D /* main.m */,
				F226A0C115E2238300AFF97D /* DiabloIIIApp-Prefix.pch */,
				F2B5399515F374EE007887FB /* ItemStatsList.plist */,
				F2C06D2C15F6291C000337AA /* ByStats.plist */,
			);
			name = "Supporting Files";
			sourceTree = "<group>";
		};
		F2B5398A15F37094007887FB /* GemCalculator */ = {
			isa = PBXGroup;
			children = (
				F2ED09F815E8D47000982454 /* GemCalcRow.xib */,
				F226A0D515E2289B00AFF97D /* GemCalcMainController.h */,
				F226A0D615E2289B00AFF97D /* GemCalcMainController.m */,
				F249ED7E15E7720300E79E6B /* GemCalcSettingsController.h */,
				F249ED7F15E7720300E79E6B /* GemCalcSettingsController.m */,
				F2ED09FE15E8FAEA00982454 /* GemBean.h */,
				F2ED09FF15E8FAEA00982454 /* GemBean.m */,
				F2E5282D15EB719000B0A7C1 /* GemCalcResults.h */,
				F2E5282E15EB719000B0A7C1 /* GemCalcResults.m */,
				F2EB16BF15ECCF27004742DD /* GemDetailsController.h */,
				F2EB16C015ECCF27004742DD /* GemDetailsController.m */,
			);
			name = GemCalculator;
			sourceTree = "<group>";
		};
		F2B5398B15F370B1007887FB /* Common */ = {
			isa = PBXGroup;
			children = (
				F2E2AA5B15E3B28E003F749C /* KeyboardBar.h */,
				F2E2AA5C15E3B28E003F749C /* KeyboardBar.m */,
				F292ABC115E6617300865B52 /* UIView+FormScroll.h */,
				F292ABC215E6617300865B52 /* UIView+FormScroll.m */,
			);
			name = Common;
			sourceTree = "<group>";
		};
		F2B5398C15F371ED007887FB /* MaxValues */ = {
			isa = PBXGroup;
			children = (
				F2B5399015F3740B007887FB /* ItemRow.xib */,
				F2B5399215F374A5007887FB /* MaxValuesByItem.h */,
				F2B5399315F374A5007887FB /* MaxValuesByItem.m */,
				F2B5399715F37EB3007887FB /* MaxValueByItemStatGroup.h */,
				F2B5399815F37EB3007887FB /* MaxValueByItemStatGroup.m */,
				F231675D15F608D700DA15CC /* MaxValueByItemStatsValues.h */,
				F231675E15F608D700DA15CC /* MaxValueByItemStatsValues.m */,
				F22B79A415F617F600EC6DC5 /* StatRow.xib */,
				F22B79AA15F61E7900EC6DC5 /* MaxValueByStats.h */,
				F22B79AB15F61E7900EC6DC5 /* MaxValueByStats.m */,
				F22B79AD15F61E9800EC6DC5 /* MaxValueByStatsStatList.h */,
				F22B79AE15F61E9800EC6DC5 /* MaxValueByStatsStatList.m */,
				F22B79B015F61EB700EC6DC5 /* MaxValueByStatsItems.h */,
				F22B79B115F61EB700EC6DC5 /* MaxValueByStatsItems.m */,
			);
			name = MaxValues;
			sourceTree = "<group>";
		};
/* End PBXGroup section */

/* Begin PBXNativeTarget section */
		F226A0AC15E2238300AFF97D /* DiabloIIIApp */ = {
			isa = PBXNativeTarget;
			buildConfigurationList = F226A0CA15E2238300AFF97D /* Build configuration list for PBXNativeTarget "DiabloIIIApp" */;
			buildPhases = (
				F226A0A915E2238300AFF97D /* Sources */,
				F226A0AA15E2238300AFF97D /* Frameworks */,
				F226A0AB15E2238300AFF97D /* Resources */,
			);
			buildRules = (
			);
			dependencies = (
			);
			name = DiabloIIIApp;
			productName = DiabloIIIApp;
			productReference = F226A0AD15E2238300AFF97D /* DiabloIIIApp.app */;
			productType = "com.apple.product-type.application";
		};
/* End PBXNativeTarget section */

/* Begin PBXProject section */
		F226A0A415E2238300AFF97D /* Project object */ = {
			isa = PBXProject;
			attributes = {
				LastUpgradeCheck = 0440;
				ORGANIZATIONNAME = "Vesela Popova";
			};
			buildConfigurationList = F226A0A715E2238300AFF97D /* Build configuration list for PBXProject "DiabloIIIApp" */;
			compatibilityVersion = "Xcode 3.2";
			developmentRegion = English;
			hasScannedForEncodings = 0;
			knownRegions = (
				en,
			);
			mainGroup = F226A0A215E2238300AFF97D;
			productRefGroup = F226A0AE15E2238300AFF97D /* Products */;
			projectDirPath = "";
			projectRoot = "";
			targets = (
				F226A0AC15E2238300AFF97D /* DiabloIIIApp */,
			);
		};
/* End PBXProject section */

/* Begin PBXResourcesBuildPhase section */
		F226A0AB15E2238300AFF97D /* Resources */ = {
			isa = PBXResourcesBuildPhase;
			buildActionMask = 2147483647;
			files = (
				F226A0BE15E2238300AFF97D /* InfoPlist.strings in Resources */,
				F226A0CE15E223A700AFF97D /* Storyboard.storyboard in Resources */,
				D92E97A915E24BD60043BDAB /* amulet14_barbarian_male.png in Resources */,
				D92E97AA15E24BD60043BDAB /* belt_206_barbarian_male.png in Resources */,
				D92E97AB15E24BD60043BDAB /* boots_206_barbarian_male.png in Resources */,
				D92E97AC15E24BD60043BDAB /* bracers_206_barbarian_male.png in Resources */,
				D92E97AD15E24BD60043BDAB /* chestarmor_206_barbarian_male.png in Resources */,
				D92E97AE15E24BD60043BDAB /* gloves_206_barbarian_male.png in Resources */,
				D92E97AF15E24BD60043BDAB /* helm_206_barbarian_male.png in Resources */,
				D92E97B015E24BD60043BDAB /* pants_206_barbarian_male.png in Resources */,
				D92E97B115E24BD60043BDAB /* ring_23_barbarian_male.png in Resources */,
				D92E97B215E24BD60043BDAB /* shield_207_barbarian_male.png in Resources */,
				D92E97B315E24BD60043BDAB /* shoulders_206_barbarian_male.png in Resources */,
				D92E97B415E24BD60043BDAB /* sword_1h_208_barbarian_male.png in Resources */,
				F2ED09F915E8D47000982454 /* GemCalcRow.xib in Resources */,
				F2B5398815F3703F007887FB /* View.xib in Resources */,
				F2B5399115F3740B007887FB /* ItemRow.xib in Resources */,
				F2B5399615F374EE007887FB /* ItemStatsList.plist in Resources */,
				F22B79A515F617F600EC6DC5 /* StatRow.xib in Resources */,
				F2C06D2D15F6291C000337AA /* ByStats.plist in Resources */,
			);
			runOnlyForDeploymentPostprocessing = 0;
		};
/* End PBXResourcesBuildPhase section */

/* Begin PBXSourcesBuildPhase section */
		F226A0A915E2238300AFF97D /* Sources */ = {
			isa = PBXSourcesBuildPhase;
			buildActionMask = 2147483647;
			files = (
				F226A0C015E2238300AFF97D /* main.m in Sources */,
				F226A0C415E2238300AFF97D /* AppDelegate.m in Sources */,
				F226A0C715E2238300AFF97D /* DiabloIIIApp.xcdatamodeld in Sources */,
				F226A0D415E2285E00AFF97D /* MainViewController.m in Sources */,
				F226A0D715E2289B00AFF97D /* GemCalcMainController.m in Sources */,
				F2E2AA5D15E3B28E003F749C /* KeyboardBar.m in Sources */,
				F292ABC315E6617300865B52 /* UIView+FormScroll.m in Sources */,
				F249ED8015E7720300E79E6B /* GemCalcSettingsController.m in Sources */,
				F2ED0A0015E8FAEA00982454 /* GemBean.m in Sources */,
				F2E5282F15EB719000B0A7C1 /* GemCalcResults.m in Sources */,
				F2EB16C115ECCF27004742DD /* GemDetailsController.m in Sources */,
				F2B5399415F374A5007887FB /* MaxValuesByItem.m in Sources */,
				F2B5399915F37EB3007887FB /* MaxValueByItemStatGroup.m in Sources */,
				F231675F15F608D700DA15CC /* MaxValueByItemStatsValues.m in Sources */,
				F22B79AC15F61E7900EC6DC5 /* MaxValueByStats.m in Sources */,
				F22B79AF15F61E9800EC6DC5 /* MaxValueByStatsStatList.m in Sources */,
				F22B79B215F61EB700EC6DC5 /* MaxValueByStatsItems.m in Sources */,
			);
			runOnlyForDeploymentPostprocessing = 0;
		};
/* End PBXSourcesBuildPhase section */

/* Begin PBXVariantGroup section */
		F226A0BC15E2238300AFF97D /* InfoPlist.strings */ = {
			isa = PBXVariantGroup;
			children = (
				F226A0BD15E2238300AFF97D /* en */,
			);
			name = InfoPlist.strings;
			sourceTree = "<group>";
		};
/* End PBXVariantGroup section */

/* Begin XCBuildConfiguration section */
		F226A0C815E2238300AFF97D /* Debug */ = {
			isa = XCBuildConfiguration;
			buildSettings = {
				ALWAYS_SEARCH_USER_PATHS = NO;
				ARCHS = "$(ARCHS_STANDARD_32_BIT)";
				CLANG_CXX_LANGUAGE_STANDARD = "gnu++0x";
				CLANG_ENABLE_OBJC_ARC = YES;
				CLANG_WARN__DUPLICATE_METHOD_MATCH = YES;
				"CODE_SIGN_IDENTITY[sdk=iphoneos*]" = "iPhone Developer";
				COPY_PHASE_STRIP = NO;
				GCC_C_LANGUAGE_STANDARD = gnu99;
				GCC_DYNAMIC_NO_PIC = NO;
				GCC_OPTIMIZATION_LEVEL = 0;
				GCC_PREPROCESSOR_DEFINITIONS = (
					"DEBUG=1",
					"$(inherited)",
				);
				GCC_SYMBOLS_PRIVATE_EXTERN = NO;
				GCC_VERSION = com.apple.compilers.llvm.clang.1_0;
				GCC_WARN_ABOUT_RETURN_TYPE = YES;
				GCC_WARN_UNINITIALIZED_AUTOS = YES;
				GCC_WARN_UNUSED_VARIABLE = YES;
				IPHONEOS_DEPLOYMENT_TARGET = 5.1;
				SDKROOT = iphoneos;
			};
			name = Debug;
		};
		F226A0C915E2238300AFF97D /* Release */ = {
			isa = XCBuildConfiguration;
			buildSettings = {
				ALWAYS_SEARCH_USER_PATHS = NO;
				ARCHS = "$(ARCHS_STANDARD_32_BIT)";
				CLANG_CXX_LANGUAGE_STANDARD = "gnu++0x";
				CLANG_ENABLE_OBJC_ARC = YES;
				CLANG_WARN__DUPLICATE_METHOD_MATCH = YES;
				"CODE_SIGN_IDENTITY[sdk=iphoneos*]" = "iPhone Developer";
				COPY_PHASE_STRIP = YES;
				GCC_C_LANGUAGE_STANDARD = gnu99;
				GCC_VERSION = com.apple.compilers.llvm.clang.1_0;
				GCC_WARN_ABOUT_RETURN_TYPE = YES;
				GCC_WARN_UNINITIALIZED_AUTOS = YES;
				GCC_WARN_UNUSED_VARIABLE = YES;
				IPHONEOS_DEPLOYMENT_TARGET = 5.1;
				OTHER_CFLAGS = "-DNS_BLOCK_ASSERTIONS=1";
				SDKROOT = iphoneos;
				VALIDATE_PRODUCT = YES;
			};
			name = Release;
		};
		F226A0CB15E2238300AFF97D /* Debug */ = {
			isa = XCBuildConfiguration;
			buildSettings = {
				GCC_PRECOMPILE_PREFIX_HEADER = YES;
				GCC_PREFIX_HEADER = "DiabloIIIApp/DiabloIIIApp-Prefix.pch";
				INFOPLIST_FILE = "DiabloIIIApp/DiabloIIIApp-Info.plist";
				PRODUCT_NAME = "$(TARGET_NAME)";
				TARGETED_DEVICE_FAMILY = 1;
				WRAPPER_EXTENSION = app;
			};
			name = Debug;
		};
		F226A0CC15E2238300AFF97D /* Release */ = {
			isa = XCBuildConfiguration;
			buildSettings = {
				GCC_PRECOMPILE_PREFIX_HEADER = YES;
				GCC_PREFIX_HEADER = "DiabloIIIApp/DiabloIIIApp-Prefix.pch";
				INFOPLIST_FILE = "DiabloIIIApp/DiabloIIIApp-Info.plist";
				PRODUCT_NAME = "$(TARGET_NAME)";
				TARGETED_DEVICE_FAMILY = 1;
				WRAPPER_EXTENSION = app;
			};
			name = Release;
		};
/* End XCBuildConfiguration section */

/* Begin XCConfigurationList section */
		F226A0A715E2238300AFF97D /* Build configuration list for PBXProject "DiabloIIIApp" */ = {
			isa = XCConfigurationList;
			buildConfigurations = (
				F226A0C815E2238300AFF97D /* Debug */,
				F226A0C915E2238300AFF97D /* Release */,
			);
			defaultConfigurationIsVisible = 0;
			defaultConfigurationName = Release;
		};
		F226A0CA15E2238300AFF97D /* Build configuration list for PBXNativeTarget "DiabloIIIApp" */ = {
			isa = XCConfigurationList;
			buildConfigurations = (
				F226A0CB15E2238300AFF97D /* Debug */,
				F226A0CC15E2238300AFF97D /* Release */,
			);
			defaultConfigurationIsVisible = 0;
			defaultConfigurationName = Release;
		};
/* End XCConfigurationList section */

/* Begin XCVersionGroup section */
		F226A0C515E2238300AFF97D /* DiabloIIIApp.xcdatamodeld */ = {
			isa = XCVersionGroup;
			children = (
				F226A0C615E2238300AFF97D /* DiabloIIIApp.xcdatamodel */,
			);
			currentVersion = F226A0C615E2238300AFF97D /* DiabloIIIApp.xcdatamodel */;
			path = DiabloIIIApp.xcdatamodeld;
			sourceTree = "<group>";
			versionGroupType = wrapper.xcdatamodel;
		};
/* End XCVersionGroup section */
	};
	rootObject = F226A0A415E2238300AFF97D /* Project object */;
}
